
Microsoft Visual Studio Solution File, Format Version 11.00
# Visual Studio 2010
Project("{FAE04EC0-301F-11D3-BF4B-00C04F79EFBC}") = "DisruptAR", "Assembly-CSharp.csproj", "{B5763D9A-8590-7D95-09FB-1EA0C4447F1E}"
EndProject
Project("{FAE04EC0-301F-11D3-BF4B-00C04F79EFBC}") = "DisruptAR", "Assembly-CSharp-Editor.csproj", "{2C08F97B-5FAD-8639-A3B8-77D3D0881C13}"
EndProject
Global
	GlobalSection(SolutionConfigurationPlatforms) = preSolution
		Debug|Any CPU = Debug|Any CPU
		Release|Any CPU = Release|Any CPU
	EndGlobalSection
	GlobalSection(ProjectConfigurationPlatforms) = postSolution
		{B5763D9A-8590-7D95-09FB-1EA0C4447F1E}.Debug|Any CPU.ActiveCfg = Debug|Any CPU
		{B5763D9A-8590-7D95-09FB-1EA0C4447F1E}.Debug|Any CPU.Build.0 = Debug|Any CPU
		{B5763D9A-8590-7D95-09FB-1EA0C4447F1E}.Release|Any CPU.ActiveCfg = Release|Any CPU
		{B5763D9A-8590-7D95-09FB-1EA0C4447F1E}.Release|Any CPU.Build.0 = Release|Any CPU
		{2C08F97B-5FAD-8639-A3B8-77D3D0881C13}.Debug|Any CPU.ActiveCfg = Debug|Any CPU
		{2C08F97B-5FAD-8639-A3B8-77D3D0881C13}.Debug|Any CPU.Build.0 = Debug|Any CPU
		{2C08F97B-5FAD-8639-A3B8-77D3D0881C13}.Release|Any CPU.ActiveCfg = Release|Any CPU
		{2C08F97B-5FAD-8639-A3B8-77D3D0881C13}.Release|Any CPU.Build.0 = Release|Any CPU
	EndGlobalSection
	GlobalSection(SolutionProperties) = preSolution
		HideSolutionNode = FALSE
	EndGlobalSection
	GlobalSection(MonoDevelopProperties) = preSolution
		StartupItem = Assembly-CSharp.csproj
	EndGlobalSection
EndGlobal
